
Microsoft Visual Studio Solution File, Format Version 12.00
# Visual Studio Version 17
VisualStudioVersion = 17.8.34330.188
MinimumVisualStudioVersion = 10.0.40219.1
Project("{FAE04EC0-301F-11D3-BF4B-00C04F79EFBC}") = "asıl proje", "asıl proje\asıl proje.csproj", "{53DAC11A-AAEA-4A3B-AC78-E5050BE2CA45}"
EndProject
Global
	GlobalSection(SolutionConfigurationPlatforms) = preSolution
		Debug|Any CPU = Debug|Any CPU
		Release|Any CPU = Release|Any CPU
	EndGlobalSection
	GlobalSection(ProjectConfigurationPlatforms) = postSolution
		{53DAC11A-AAEA-4A3B-AC78-E5050BE2CA45}.Debug|Any CPU.ActiveCfg = Debug|Any CPU
		{53DAC11A-AAEA-4A3B-AC78-E5050BE2CA45}.Debug|Any CPU.Build.0 = Debug|Any CPU
		{53DAC11A-AAEA-4A3B-AC78-E5050BE2CA45}.Release|Any CPU.ActiveCfg = Release|Any CPU
		{53DAC11A-AAEA-4A3B-AC78-E5050BE2CA45}.Release|Any CPU.Build.0 = Release|Any CPU
	EndGlobalSection
	GlobalSection(SolutionProperties) = preSolution
		HideSolutionNode = FALSE
	EndGlobalSection
	GlobalSection(ExtensibilityGlobals) = postSolution
		SolutionGuid = {0713FDBE-4780-4AED-8EA1-0E4E97EE337C}
	EndGlobalSection
EndGlobal
